
Microsoft Visual Studio Solution File, Format Version 12.00
Project("{FAE04EC0-301F-11D3-BF4B-00C04F79EFBC}") = "WebApplication1", "WebApplication1\WebApplication1.csproj", "{F46CCB53-F9CE-4058-8AEB-A1D3CD81748B}"
EndProject
Global
	GlobalSection(SolutionConfigurationPlatforms) = preSolution
		Debug|Any CPU = Debug|Any CPU
		Release|Any CPU = Release|Any CPU
	EndGlobalSection
	GlobalSection(ProjectConfigurationPlatforms) = postSolution
		{F46CCB53-F9CE-4058-8AEB-A1D3CD81748B}.Debug|Any CPU.ActiveCfg = Debug|Any CPU
		{F46CCB53-F9CE-4058-8AEB-A1D3CD81748B}.Debug|Any CPU.Build.0 = Debug|Any CPU
		{F46CCB53-F9CE-4058-8AEB-A1D3CD81748B}.Release|Any CPU.ActiveCfg = Release|Any CPU
		{F46CCB53-F9CE-4058-8AEB-A1D3CD81748B}.Release|Any CPU.Build.0 = Release|Any CPU
	EndGlobalSection
EndGlobal
